{
	"name": "@localfirst/relay-client",
	"version": "3.6.2",
	"lockfileVersion": 2,
	"requires": true,
	"packages": {
		"": {
			"name": "@localfirst/relay-client",
			"version": "3.6.2",
			"license": "MIT",
			"dependencies": {
				"cuid": "2",
				"debug": "4",
				"eventemitter3": "4"
			}
		},
		"node_modules/cuid": {
			"version": "2.1.8",
			"resolved": "https://registry.npmjs.org/cuid/-/cuid-2.1.8.tgz",
			"integrity": "sha512-xiEMER6E7TlTPnDxrM4eRiC6TRgjNX9xzEZ5U/Se2YJKr7Mq4pJn/2XEHjl3STcSh96GmkHPcBXLES8M29wyyg=="
		},
		"node_modules/debug": {
			"version": "4.3.3",
			"resolved": "https://registry.npmjs.org/debug/-/debug-4.3.3.tgz",
			"integrity": "sha512-/zxw5+vh1Tfv+4Qn7a5nsbcJKPaSvCDhojn6FEl9vupwK2VCSDtEiEtqr8DFtzYFOdz63LBkxec7DYuc2jon6Q==",
			"dependencies": {
				"ms": "2.1.2"
			},
			"engines": {
				"node": ">=6.0"
			},
			"peerDependenciesMeta": {
				"supports-color": {
					"optional": true
				}
			}
		},
		"node_modules/eventemitter3": {
			"version": "4.0.7",
			"resolved": "https://registry.npmjs.org/eventemitter3/-/eventemitter3-4.0.7.tgz",
			"integrity": "sha512-8guHBZCwKnFhYdHr2ysuRWErTwhoN2X8XELRlrRwpmfeY2jjuUN4taQMsULKUVo1K4DvZl+0pgfyoysHxvmvEw=="
		},
		"node_modules/ms": {
			"version": "2.1.2",
			"resolved": "https://registry.npmjs.org/ms/-/ms-2.1.2.tgz",
			"integrity": "sha512-sGkPx+VjMtmA6MX27oA4FBFELFCZZ4S4XqeGOXCv68tT+jb3vk/RyaKWP0PTKyWtmLSM0b+adUTEvbs1PEaH2w=="
		}
	},
	"dependencies": {
		"cuid": {
			"version": "2.1.8",
			"resolved": "https://registry.npmjs.org/cuid/-/cuid-2.1.8.tgz",
			"integrity": "sha512-xiEMER6E7TlTPnDxrM4eRiC6TRgjNX9xzEZ5U/Se2YJKr7Mq4pJn/2XEHjl3STcSh96GmkHPcBXLES8M29wyyg=="
		},
		"debug": {
			"version": "4.3.3",
			"resolved": "https://registry.npmjs.org/debug/-/debug-4.3.3.tgz",
			"integrity": "sha512-/zxw5+vh1Tfv+4Qn7a5nsbcJKPaSvCDhojn6FEl9vupwK2VCSDtEiEtqr8DFtzYFOdz63LBkxec7DYuc2jon6Q==",
			"requires": {
				"ms": "2.1.2"
			}
		},
		"eventemitter3": {
			"version": "4.0.7",
			"resolved": "https://registry.npmjs.org/eventemitter3/-/eventemitter3-4.0.7.tgz",
			"integrity": "sha512-8guHBZCwKnFhYdHr2ysuRWErTwhoN2X8XELRlrRwpmfeY2jjuUN4taQMsULKUVo1K4DvZl+0pgfyoysHxvmvEw=="
		},
		"ms": {
			"version": "2.1.2",
			"resolved": "https://registry.npmjs.org/ms/-/ms-2.1.2.tgz",
			"integrity": "sha512-sGkPx+VjMtmA6MX27oA4FBFELFCZZ4S4XqeGOXCv68tT+jb3vk/RyaKWP0PTKyWtmLSM0b+adUTEvbs1PEaH2w=="
		}
	}
}
